Microsoft Visual Studio Solution File, Format Version 12.00
# Visual Studio Version 17
VisualStudioVersion = 17.5.2.0
MinimumVisualStudioVersion = 10.0.40219.1
Project("{FAE04EC0-301F-11D3-BF4B-00C04F79EFBC}") = "BlockerAPI", "BlockerAPI.csproj", "{FFC3A6FC-98F1-7D21-228D-EAF5112B7983}"
EndProject
Global
	GlobalSection(SolutionConfigurationPlatforms) = preSolution
		Debug|Any CPU = Debug|Any CPU
		Release|Any CPU = Release|Any CPU
	EndGlobalSection
	GlobalSection(ProjectConfigurationPlatforms) = postSolution
		{FFC3A6FC-98F1-7D21-228D-EAF5112B7983}.Debug|Any CPU.ActiveCfg = Debug|Any CPU
		{FFC3A6FC-98F1-7D21-228D-EAF5112B7983}.Debug|Any CPU.Build.0 = Debug|Any CPU
		{FFC3A6FC-98F1-7D21-228D-EAF5112B7983}.Release|Any CPU.ActiveCfg = Release|Any CPU
		{FFC3A6FC-98F1-7D21-228D-EAF5112B7983}.Release|Any CPU.Build.0 = Release|Any CPU
	EndGlobalSection
	GlobalSection(SolutionProperties) = preSolution
		HideSolutionNode = FALSE
	EndGlobalSection
	GlobalSection(ExtensibilityGlobals) = postSolution
		SolutionGuid = {D1942B7C-E077-40E3-889E-DDA4515D8EFB}
	EndGlobalSection
EndGlobal
